
Microsoft Visual Studio Solution File, Format Version 12.00
# Visual Studio Version 17
VisualStudioVersion = 17.9.34607.119
MinimumVisualStudioVersion = 10.0.40219.1
Project("{FAE04EC0-301F-11D3-BF4B-00C04F79EFBC}") = "Products.Server", "Products.Server\Products.Server.csproj", "{42AB2F70-F5CE-481D-83BF-8D5D0F290E0B}"
EndProject
Global
	GlobalSection(SolutionConfigurationPlatforms) = preSolution
		Debug|Any CPU = Debug|Any CPU
		Release|Any CPU = Release|Any CPU
	EndGlobalSection
	GlobalSection(ProjectConfigurationPlatforms) = postSolution
		{42AB2F70-F5CE-481D-83BF-8D5D0F290E0B}.Debug|Any CPU.ActiveCfg = Debug|Any CPU
		{42AB2F70-F5CE-481D-83BF-8D5D0F290E0B}.Debug|Any CPU.Build.0 = Debug|Any CPU
		{42AB2F70-F5CE-481D-83BF-8D5D0F290E0B}.Release|Any CPU.ActiveCfg = Release|Any CPU
		{42AB2F70-F5CE-481D-83BF-8D5D0F290E0B}.Release|Any CPU.Build.0 = Release|Any CPU
	EndGlobalSection
	GlobalSection(SolutionProperties) = preSolution
		HideSolutionNode = FALSE
	EndGlobalSection
	GlobalSection(ExtensibilityGlobals) = postSolution
		SolutionGuid = {87F93A3C-5077-4AA7-82B2-6C76AADCC026}
	EndGlobalSection
EndGlobal
